{
  "name": "starter-restaurant-reservation",
  "version": "1.0.0",
  "lockfileVersion": 2,
  "requires": true,
  "packages": {
    "": {
      "name": "starter-restaurant-reservation",
      "version": "1.0.0",
      "hasInstallScript": true,
      "license": "UNLICENSED",
      "dependencies": {
        "run-all": "^1.0.1"
      }
    },
    "node_modules/run-all": {
      "version": "1.0.1",
      "resolved": "https://registry.npmjs.org/run-all/-/run-all-1.0.1.tgz",
      "integrity": "sha1-o1c7ZFjVLm3IwPaEB89Q1wrh4uY=",
      "bin": {
        "run-all": "lib/command.js"
      }
    }
  },
  "dependencies": {
    "run-all": {
      "version": "1.0.1",
      "resolved": "https://registry.npmjs.org/run-all/-/run-all-1.0.1.tgz",
      "integrity": "sha1-o1c7ZFjVLm3IwPaEB89Q1wrh4uY="
    }
  }
}
